
Microsoft Visual Studio Solution File, Format Version 12.00
# Visual Studio 15
VisualStudioVersion = 15.0.26730.16
MinimumVisualStudioVersion = 10.0.40219.1
Project("{FAE04EC0-301F-11D3-BF4B-00C04F79EFBC}") = "TeconMoon WiiVC Injector Jam", "TeconMoon WiiVC Injector Jam\TeconMoon WiiVC Injector Jam.csproj", "{719000A2-42CC-4261-A7A9-F6B6A3A39088}"
EndProject
Global
	GlobalSection(SolutionConfigurationPlatforms) = preSolution
		Debug|Any CPU = Debug|Any CPU
		Release|Any CPU = Release|Any CPU
	EndGlobalSection
	GlobalSection(ProjectConfigurationPlatforms) = postSolution
		{719000A2-42CC-4261-A7A9-F6B6A3A39088}.Debug|Any CPU.ActiveCfg = Debug|Any CPU
		{719000A2-42CC-4261-A7A9-F6B6A3A39088}.Debug|Any CPU.Build.0 = Debug|Any CPU
		{719000A2-42CC-4261-A7A9-F6B6A3A39088}.Release|Any CPU.ActiveCfg = Release|Any CPU
		{719000A2-42CC-4261-A7A9-F6B6A3A39088}.Release|Any CPU.Build.0 = Release|Any CPU
	EndGlobalSection
	GlobalSection(SolutionProperties) = preSolution
		HideSolutionNode = FALSE
	EndGlobalSection
	GlobalSection(ExtensibilityGlobals) = postSolution
		SolutionGuid = {A172653C-9BA0-49DB-9153-0A97043F6E2A}
	EndGlobalSection
EndGlobal
